{
  "name": "propertiesbychel",
  "lockfileVersion": 3,
  "requires": true,
  "packages": {
    "": {
      "name": "propertiesbychel",
      "dependencies": {
        "@vercel/analytics": "^2.0.1",
        "@vercel/edge-config": "^1.4.0",
        "@vercel/functions": "^1.6.0"
      }
    },
    "node_modules/@vercel/analytics": {
      "version": "2.0.1",
      "resolved": "https://registry.npmjs.org/@vercel/analytics/-/analytics-2.0.1.tgz",
      "integrity": "sha512-MTQG6V9qQrt1tsDeF+2Uoo5aPjqbVPys1xvnIftXSJYG2SrwXRHnqEvVoYID7BTruDz4lCd2Z7rM1BdkUehk2g==",
      "license": "MIT",
      "peerDependencies": {
        "@remix-run/react": "^2",
        "@sveltejs/kit": "^1 || ^2",
        "next": ">= 13",
        "nuxt": ">= 3",
        "react": "^18 || ^19 || ^19.0.0-rc",
        "svelte": ">= 4",
        "vue": "^3",
        "vue-router": "^4"
      },
      "peerDependenciesMeta": {
        "@remix-run/react": {
          "optional": true
        },
        "@sveltejs/kit": {
          "optional": true
        },
        "next": {
          "optional": true
        },
        "nuxt": {
          "optional": true
        },
        "react": {
          "optional": true
        },
        "svelte": {
          "optional": true
        },
        "vue": {
          "optional": true
        },
        "vue-router": {
          "optional": true
        }
      }
    },
    "node_modules/@vercel/edge-config": {
      "version": "1.5.1",
      "resolved": "https://registry.npmjs.org/@vercel/edge-config/-/edge-config-1.5.1.tgz",
      "integrity": "sha512-eawv5LKqEk+KL9lw+lzExpPELE8B1DdvWhpswtSr5nkUujH4nOLq89fY565uWp5z70XzTnfx6E08KIVmgOwSjg==",
      "license": "Apache-2.0",
      "dependencies": {
        "@vercel/global-config-fs": "0.1.0"
      },
      "engines": {
        "node": ">=14.6"
      },
      "peerDependencies": {
        "@opentelemetry/api": "^1.7.0",
        "next": ">=1"
      },
      "peerDependenciesMeta": {
        "@opentelemetry/api": {
          "optional": true
        },
        "next": {
          "optional": true
        }
      }
    },
    "node_modules/@vercel/functions": {
      "version": "1.6.0",
      "resolved": "https://registry.npmjs.org/@vercel/functions/-/functions-1.6.0.tgz",
      "integrity": "sha512-R6FKQrYT5MZs5IE1SqeCJWxMuBdHawFcCZboKKw8p7s+6/mcd55Gx6tWmyKnQTyrSEA04NH73Tc9CbqpEle8RA==",
      "license": "Apache-2.0",
      "engines": {
        "node": ">= 16"
      },
      "peerDependencies": {
        "@aws-sdk/credential-provider-web-identity": "*"
      },
      "peerDependenciesMeta": {
        "@aws-sdk/credential-provider-web-identity": {
          "optional": true
        }
      }
    },
    "node_modules/@vercel/global-config-fs": {
      "version": "0.1.0",
      "resolved": "https://registry.npmjs.org/@vercel/global-config-fs/-/global-config-fs-0.1.0.tgz",
      "integrity": "sha512-xxMUwf96H/qKTA4Az+uh3xlVWkwnN3z400P5gex0uUsU8pe99njopYVyKVoUTfu8gN9xbHqaigWaIBr1+lufMg==",
      "license": "Apache-2.0"
    }
  }
}
